PODS:
  - BEMCheckBox (1.1.1)
  - EAIntroView (2.8.1):
    - EARestrictedScrollView (~> 0.2.0)
  - EARestrictedScrollView (0.2.0)
  - Masonry (0.6.3)
  - MCSwipeTableViewCell (2.1.4)
  - pop (1.0.8)
  - YYText (0.9.16)

DEPENDENCIES:
  - BEMCheckBox
  - EAIntroView
  - Masonry
  - MCSwipeTableViewCell
  - pop
  - YYText

SPEC CHECKSUMS:
  BEMCheckBox: e1dd80417e0a9f1db4b55d8b8d2f3f477d120795
  EAIntroView: 73abfa89caa311f450af876421d950b96679e845
  EARestrictedScrollView: f86d61e16c61d3e93c84f8e96e83122a2a3b7631
  Masonry: ff105a956abcd19a618b2028b121cb638d7a8e2f
  MCSwipeTableViewCell: 1b303e16c3a26b1982f3a68386e9b8c5fc8344c3
  pop: bb773ae2c791ca2629de13b347e7a8b450fa6a57
  YYText: d6d716cd8b776e1aa57b2ddb5f3495ee7d97ce49

COCOAPODS: 0.39.0
