// !$*UTF8*$!
{
	archiveVersion = 1;
	classes = {
	};
	objectVersion = 46;
	objects = {

/* Begin PBXBuildFile section */
		5A3713ED7A0A4BC8A1EAC421 /* libPods-Jobs.a in Frameworks */ = {isa = PBXBuildFile; fileRef = 62DFBA60A62131608C25EDAC /* libPods-Jobs.a */; };
		720DC3001BB2D23500B82B99 /* UIColor+WHColor.m in Sources */ = {isa = PBXBuildFile; fileRef = 720DC2FF1BB2D23500B82B99 /* UIColor+WHColor.m */; };
		721243AA1BAE82450046B060 /* ShadowNavController.m in Sources */ = {isa = PBXBuildFile; fileRef = 721243A91BAE82450046B060 /* ShadowNavController.m */; };
		721243B41BAE8CC60046B060 /* AddButtonCell.m in Sources */ = {isa = PBXBuildFile; fileRef = 721243B31BAE8CC60046B060 /* AddButtonCell.m */; };
		721243B61BAE8D8E0046B060 /* AddProcessView.m in Sources */ = {isa = PBXBuildFile; fileRef = 721243B51BAE8D8D0046B060 /* AddProcessView.m */; };
		721C419D1B25812F00947326 /* CellbackgroundVIew.m in Sources */ = {isa = PBXBuildFile; fileRef = 721C419C1B25812F00947326 /* CellbackgroundVIew.m */; };
		722BB0FF1BB24639005372A4 /* ProcessView.m in Sources */ = {isa = PBXBuildFile; fileRef = 722BB0FE1BB24639005372A4 /* ProcessView.m */; };
		722DED0B1BAE422A00FCA061 /* LabelAndTextFieldCell.m in Sources */ = {isa = PBXBuildFile; fileRef = 722DED0A1BAE422A00FCA061 /* LabelAndTextFieldCell.m */; };
		7237F5BD1B1EE68F00F1DFD9 /* main.m in Sources */ = {isa = PBXBuildFile; fileRef = 7237F5BC1B1EE68F00F1DFD9 /* main.m */; };
		7237F5C01B1EE68F00F1DFD9 /* AppDelegate.m in Sources */ = {isa = PBXBuildFile; fileRef = 7237F5BF1B1EE68F00F1DFD9 /* AppDelegate.m */; };
		7237F5C31B1EE68F00F1DFD9 /* ViewController.m in Sources */ = {isa = PBXBuildFile; fileRef = 7237F5C21B1EE68F00F1DFD9 /* ViewController.m */; };
		7237F5C61B1EE68F00F1DFD9 /* Main.storyboard in Resources */ = {isa = PBXBuildFile; fileRef = 7237F5C41B1EE68F00F1DFD9 /* Main.storyboard */; };
		7237F5C81B1EE68F00F1DFD9 /* Images.xcassets in Resources */ = {isa = PBXBuildFile; fileRef = 7237F5C71B1EE68F00F1DFD9 /* Images.xcassets */; };
		7237F5CB1B1EE68F00F1DFD9 /* LaunchScreen.xib in Resources */ = {isa = PBXBuildFile; fileRef = 7237F5C91B1EE68F00F1DFD9 /* LaunchScreen.xib */; };
		7237F5D71B1EE68F00F1DFD9 /* JobsTests.m in Sources */ = {isa = PBXBuildFile; fileRef = 7237F5D61B1EE68F00F1DFD9 /* JobsTests.m */; };
		7237F5E21B1F389F00F1DFD9 /* JobsItem.m in Sources */ = {isa = PBXBuildFile; fileRef = 7237F5E11B1F389F00F1DFD9 /* JobsItem.m */; };
		7237F5E51B1FE92300F1DFD9 /* ItemDetailViewController.m in Sources */ = {isa = PBXBuildFile; fileRef = 7237F5E41B1FE92300F1DFD9 /* ItemDetailViewController.m */; };
		7237F5E81B20A57A00F1DFD9 /* AllListsViewController.m in Sources */ = {isa = PBXBuildFile; fileRef = 7237F5E71B20A57A00F1DFD9 /* AllListsViewController.m */; };
		7237F5EB1B20AE1A00F1DFD9 /* JobList.m in Sources */ = {isa = PBXBuildFile; fileRef = 7237F5EA1B20AE1A00F1DFD9 /* JobList.m */; };
		7237F5F31B2202B500F1DFD9 /* DataModel.m in Sources */ = {isa = PBXBuildFile; fileRef = 7237F5F21B2202B500F1DFD9 /* DataModel.m */; };
		723E8EA61BAAB876004D4E8C /* ListDetailViewController.m in Sources */ = {isa = PBXBuildFile; fileRef = 723E8EA51BAAB876004D4E8C /* ListDetailViewController.m */; };
		72913AFB1BAE8E2500F99325 /* ProcessCell.m in Sources */ = {isa = PBXBuildFile; fileRef = 72913AFA1BAE8E2500F99325 /* ProcessCell.m */; };
		72913AFE1BAED6C700F99325 /* DateAndProcess.m in Sources */ = {isa = PBXBuildFile; fileRef = 72913AFD1BAED6C700F99325 /* DateAndProcess.m */; };
		72C884081BC284F00046DA81 /* CountdownView.m in Sources */ = {isa = PBXBuildFile; fileRef = 72C884071BC284F00046DA81 /* CountdownView.m */; };
		72FC18951B37A81600920109 /* IntroPageViewController.m in Sources */ = {isa = PBXBuildFile; fileRef = 72FC18941B37A81600920109 /* IntroPageViewController.m */; };
		9B0551CD1BEB0A2700E09969 /* ColorSelectCell.m in Sources */ = {isa = PBXBuildFile; fileRef = 9B0551CC1BEB0A2700E09969 /* ColorSelectCell.m */; };
		9B11E9701C2018610095FD28 /* Localizable.strings in Resources */ = {isa = PBXBuildFile; fileRef = 9B11E9721C2018610095FD28 /* Localizable.strings */; };
		9B3AA6F01BFC70D900B1B9A2 /* AllListsCompanyCell.m in Sources */ = {isa = PBXBuildFile; fileRef = 9B3AA6EF1BFC70D900B1B9A2 /* AllListsCompanyCell.m */; };
		9B957AD41BF4B4F10058C796 /* PureColorBackgroundView.m in Sources */ = {isa = PBXBuildFile; fileRef = 9B957AD31BF4B4F10058C796 /* PureColorBackgroundView.m */; };
		9B95D65E1C04802D002F66B3 /* DiffuseButton.m in Sources */ = {isa = PBXBuildFile; fileRef = 9B95D65D1C04802D002F66B3 /* DiffuseButton.m */; };
		9B95D69C1C0DB39A002F66B3 /* ShareViewController.m in Sources */ = {isa = PBXBuildFile; fileRef = 9B95D69B1C0DB39A002F66B3 /* ShareViewController.m */; };
		9BC35BC21BF1E2A300903192 /* PullDownProcessView.m in Sources */ = {isa = PBXBuildFile; fileRef = 9BC35BC11BF1E2A300903192 /* PullDownProcessView.m */; };
		9BCE0EFA1C10881A00F85461 /* TencentOpenAPI.framework in Frameworks */ = {isa = PBXBuildFile; fileRef = 9BCE0EDD1C10881A00F85461 /* TencentOpenAPI.framework */; };
		9BCE0EFB1C10881A00F85461 /* TencentOpenApi_IOS_Bundle.bundle in Resources */ = {isa = PBXBuildFile; fileRef = 9BCE0EDE1C10881A00F85461 /* TencentOpenApi_IOS_Bundle.bundle */; };
		9BCE0EFE1C10881A00F85461 /* libWeChatSDK.a in Frameworks */ = {isa = PBXBuildFile; fileRef = 9BCE0EEE1C10881A00F85461 /* libWeChatSDK.a */; };
		9BCE0EFF1C10881B00F85461 /* read_me.txt in Resources */ = {isa = PBXBuildFile; fileRef = 9BCE0EEF1C10881A00F85461 /* read_me.txt */; };
		9BCE0F001C10881B00F85461 /* MOBFoundation.framework in Frameworks */ = {isa = PBXBuildFile; fileRef = 9BCE0EF31C10881A00F85461 /* MOBFoundation.framework */; };
		9BCE0F011C10881B00F85461 /* ShareSDK.bundle in Resources */ = {isa = PBXBuildFile; fileRef = 9BCE0EF41C10881A00F85461 /* ShareSDK.bundle */; };
		9BCE0F021C10881B00F85461 /* ShareSDK.framework in Frameworks */ = {isa = PBXBuildFile; fileRef = 9BCE0EF51C10881A00F85461 /* ShareSDK.framework */; };
		9BCE0F031C10881B00F85461 /* ShareSDKConnector.framework in Frameworks */ = {isa = PBXBuildFile; fileRef = 9BCE0EF61C10881A00F85461 /* ShareSDKConnector.framework */; };
		9BCE0F041C10881B00F85461 /* ShareSDKExtension.framework in Frameworks */ = {isa = PBXBuildFile; fileRef = 9BCE0EF71C10881A00F85461 /* ShareSDKExtension.framework */; };
		9BCE0F051C10881B00F85461 /* ShareSDKUI.bundle in Resources */ = {isa = PBXBuildFile; fileRef = 9BCE0EF81C10881A00F85461 /* ShareSDKUI.bundle */; };
		9BCE0F061C10881B00F85461 /* ShareSDKUI.framework in Frameworks */ = {isa = PBXBuildFile; fileRef = 9BCE0EF91C10881A00F85461 /* ShareSDKUI.framework */; };
		9BCE0F081C10894500F85461 /* libicucore.tbd in Frameworks */ = {isa = PBXBuildFile; fileRef = 9BCE0F071C10894500F85461 /* libicucore.tbd */; };
		9BCE0F0A1C10895900F85461 /* libz.tbd in Frameworks */ = {isa = PBXBuildFile; fileRef = 9BCE0F091C10895900F85461 /* libz.tbd */; };
		9BCE0F0C1C10896E00F85461 /* libstdc++.tbd in Frameworks */ = {isa = PBXBuildFile; fileRef = 9BCE0F0B1C10896E00F85461 /* libstdc++.tbd */; };
		9BCE0F0E1C10897A00F85461 /* JavaScriptCore.framework in Frameworks */ = {isa = PBXBuildFile; fileRef = 9BCE0F0D1C10897A00F85461 /* JavaScriptCore.framework */; };
		9BCE0F101C1089AB00F85461 /* libsqlite3.tbd in Frameworks */ = {isa = PBXBuildFile; fileRef = 9BCE0F0F1C1089AB00F85461 /* libsqlite3.tbd */; };
		9BCE0F121C108A5C00F85461 /* ImageIO.framework in Frameworks */ = {isa = PBXBuildFile; fileRef = 9BCE0F111C108A5C00F85461 /* ImageIO.framework */; };
		9BCE0F141C108A6400F85461 /* AdSupport.framework in Frameworks */ = {isa = PBXBuildFile; fileRef = 9BCE0F131C108A6400F85461 /* AdSupport.framework */; };
		9BE99EF61BEB4FDC00345F46 /* ColorSelectViewController.m in Sources */ = {isa = PBXBuildFile; fileRef = 9BE99EF51BEB4FDC00345F46 /* ColorSelectViewController.m */; };
/* End PBXBuildFile section */

/* Begin PBXContainerItemProxy section */
		7237F5D11B1EE68F00F1DFD9 /* PBXContainerItemProxy */ = {
			isa = PBXContainerItemProxy;
			containerPortal = 7237F5AF1B1EE68F00F1DFD9 /* Project object */;
			proxyType = 1;
			remoteGlobalIDString = 7237F5B61B1EE68F00F1DFD9;
			remoteInfo = Jobs;
		};
/* End PBXContainerItemProxy section */

/* Begin PBXFileReference section */
		527D57D792D2DB49EF4329E9 /* Pods-Jobs.debug.xcconfig */ = {isa = PBXFileReference; includeInIndex = 1; lastKnownFileType = text.xcconfig; name = "Pods-Jobs.debug.xcconfig"; path = "Pods/Target Support Files/Pods-Jobs/Pods-Jobs.debug.xcconfig"; sourceTree = "<group>"; };
		62DFBA60A62131608C25EDAC /* libPods-Jobs.a */ = {isa = PBXFileReference; explicitFileType = archive.ar; includeInIndex = 0; path = "libPods-Jobs.a"; sourceTree = BUILT_PRODUCTS_DIR; };
		720DC2FE1BB2D23500B82B99 /* UIColor+WHColor.h */ = {isa = PBXFileReference; fileEncoding = 4; lastKnownFileType = sourcecode.c.h; path = "UIColor+WHColor.h"; sourceTree = "<group>"; };
		720DC2FF1BB2D23500B82B99 /* UIColor+WHColor.m */ = {isa = PBXFileReference; fileEncoding = 4; lastKnownFileType = sourcecode.c.objc; path = "UIColor+WHColor.m"; sourceTree = "<group>"; };
		721243A81BAE82450046B060 /* ShadowNavController.h */ = {isa = PBXFileReference; fileEncoding = 4; lastKnownFileType = sourcecode.c.h; name = ShadowNavController.h; path = NavigationController/ShadowNavController.h; sourceTree = "<group>"; };
		721243A91BAE82450046B060 /* ShadowNavController.m */ = {isa = PBXFileReference; fileEncoding = 4; lastKnownFileType = sourcecode.c.objc; name = ShadowNavController.m; path = NavigationController/ShadowNavController.m; sourceTree = "<group>"; };
		721243B21BAE8CC60046B060 /* AddButtonCell.h */ = {isa = PBXFileReference; fileEncoding = 4; lastKnownFileType = sourcecode.c.h; name = AddButtonCell.h; path = FirstDetailPage/Cell/AddButtonCell.h; sourceTree = "<group>"; };
		721243B31BAE8CC60046B060 /* AddButtonCell.m */ = {isa = PBXFileReference; fileEncoding = 4; lastKnownFileType = sourcecode.c.objc; name = AddButtonCell.m; path = FirstDetailPage/Cell/AddButtonCell.m; sourceTree = "<group>"; };
		721243B51BAE8D8D0046B060 /* AddProcessView.m */ = {isa = PBXFileReference; fileEncoding = 4; lastKnownFileType = sourcecode.c.objc; name = AddProcessView.m; path = FirstDetailPage/AddProcessView.m; sourceTree = "<group>"; };
		721C419B1B25812F00947326 /* CellbackgroundVIew.h */ = {isa = PBXFileReference; fileEncoding = 4; lastKnownFileType = sourcecode.c.h; name = CellbackgroundVIew.h; path = AllPageCellBackground/CellbackgroundVIew.h; sourceTree = "<group>"; };
		721C419C1B25812F00947326 /* CellbackgroundVIew.m */ = {isa = PBXFileReference; fileEncoding = 4; lastKnownFileType = sourcecode.c.objc; name = CellbackgroundVIew.m; path = AllPageCellBackground/CellbackgroundVIew.m; sourceTree = "<group>"; };
		722BB0FD1BB24639005372A4 /* ProcessView.h */ = {isa = PBXFileReference; fileEncoding = 4; lastKnownFileType = sourcecode.c.h; name = ProcessView.h; path = SecondPage/ProcessView.h; sourceTree = "<group>"; };
		722BB0FE1BB24639005372A4 /* ProcessView.m */ = {isa = PBXFileReference; fileEncoding = 4; lastKnownFileType = sourcecode.c.objc; name = ProcessView.m; path = SecondPage/ProcessView.m; sourceTree = "<group>"; };
		722DED091BAE422A00FCA061 /* LabelAndTextFieldCell.h */ = {isa = PBXFileReference; fileEncoding = 4; lastKnownFileType = sourcecode.c.h; name = LabelAndTextFieldCell.h; path = FirstDetailPage/Cell/LabelAndTextFieldCell.h; sourceTree = "<group>"; };
		722DED0A1BAE422A00FCA061 /* LabelAndTextFieldCell.m */ = {isa = PBXFileReference; fileEncoding = 4; lastKnownFileType = sourcecode.c.objc; name = LabelAndTextFieldCell.m; path = FirstDetailPage/Cell/LabelAndTextFieldCell.m; sourceTree = "<group>"; };
		7237F5B71B1EE68F00F1DFD9 /* Jobs.app */ = {isa = PBXFileReference; explicitFileType = wrapper.application; includeInIndex = 0; path = Jobs.app; sourceTree = BUILT_PRODUCTS_DIR; };
		7237F5BB1B1EE68F00F1DFD9 /* Info.plist */ = {isa = PBXFileReference; lastKnownFileType = text.plist.xml; path = Info.plist; sourceTree = "<group>"; };
		7237F5BC1B1EE68F00F1DFD9 /* main.m */ = {isa = PBXFileReference; lastKnownFileType = sourcecode.c.objc; path = main.m; sourceTree = "<group>"; };
		7237F5BE1B1EE68F00F1DFD9 /* AppDelegate.h */ = {isa = PBXFileReference; lastKnownFileType = sourcecode.c.h; path = AppDelegate.h; sourceTree = "<group>"; };
		7237F5BF1B1EE68F00F1DFD9 /* AppDelegate.m */ = {isa = PBXFileReference; lastKnownFileType = sourcecode.c.objc; path = AppDelegate.m; sourceTree = "<group>"; };
		7237F5C11B1EE68F00F1DFD9 /* ViewController.h */ = {isa = PBXFileReference; lastKnownFileType = sourcecode.c.h; path = ViewController.h; sourceTree = "<group>"; };
		7237F5C21B1EE68F00F1DFD9 /* ViewController.m */ = {isa = PBXFileReference; lastKnownFileType = sourcecode.c.objc; path = ViewController.m; sourceTree = "<group>"; };
		7237F5C51B1EE68F00F1DFD9 /* Base */ = {isa = PBXFileReference; lastKnownFileType = file.storyboard; name = Base; path = Base.lproj/Main.storyboard; sourceTree = "<group>"; };
		7237F5C71B1EE68F00F1DFD9 /* Images.xcassets */ = {isa = PBXFileReference; lastKnownFileType = folder.assetcatalog; path = Images.xcassets; sourceTree = "<group>"; };
		7237F5CA1B1EE68F00F1DFD9 /* Base */ = {isa = PBXFileReference; lastKnownFileType = file.xib; name = Base; path = Base.lproj/LaunchScreen.xib; sourceTree = "<group>"; };
		7237F5D01B1EE68F00F1DFD9 /* JobsTests.xctest */ = {isa = PBXFileReference; explicitFileType = wrapper.cfbundle; includeInIndex = 0; path = JobsTests.xctest; sourceTree = BUILT_PRODUCTS_DIR; };
		7237F5D51B1EE68F00F1DFD9 /* Info.plist */ = {isa = PBXFileReference; lastKnownFileType = text.plist.xml; path = Info.plist; sourceTree = "<group>"; };
		7237F5D61B1EE68F00F1DFD9 /* JobsTests.m */ = {isa = PBXFileReference; lastKnownFileType = sourcecode.c.objc; path = JobsTests.m; sourceTree = "<group>"; };
		7237F5E01B1F389F00F1DFD9 /* JobsItem.h */ = {isa = PBXFileReference; fileEncoding = 4; lastKnownFileType = sourcecode.c.h; path = JobsItem.h; sourceTree = "<group>"; };
		7237F5E11B1F389F00F1DFD9 /* JobsItem.m */ = {isa = PBXFileReference; fileEncoding = 4; lastKnownFileType = sourcecode.c.objc; path = JobsItem.m; sourceTree = "<group>"; };
		7237F5E31B1FE92300F1DFD9 /* ItemDetailViewController.h */ = {isa = PBXFileReference; fileEncoding = 4; lastKnownFileType = sourcecode.c.h; path = ItemDetailViewController.h; sourceTree = "<group>"; };
		7237F5E41B1FE92300F1DFD9 /* ItemDetailViewController.m */ = {isa = PBXFileReference; fileEncoding = 4; lastKnownFileType = sourcecode.c.objc; path = ItemDetailViewController.m; sourceTree = "<group>"; };
		7237F5E61B20A57A00F1DFD9 /* AllListsViewController.h */ = {isa = PBXFileReference; fileEncoding = 4; lastKnownFileType = sourcecode.c.h; path = AllListsViewController.h; sourceTree = "<group>"; };
		7237F5E71B20A57A00F1DFD9 /* AllListsViewController.m */ = {isa = PBXFileReference; fileEncoding = 4; lastKnownFileType = sourcecode.c.objc; path = AllListsViewController.m; sourceTree = "<group>"; };
		7237F5E91B20AE1A00F1DFD9 /* JobList.h */ = {isa = PBXFileReference; fileEncoding = 4; lastKnownFileType = sourcecode.c.h; path = JobList.h; sourceTree = "<group>"; };
		7237F5EA1B20AE1A00F1DFD9 /* JobList.m */ = {isa = PBXFileReference; fileEncoding = 4; lastKnownFileType = sourcecode.c.objc; path = JobList.m; sourceTree = "<group>"; };
		7237F5EE1B212AF300F1DFD9 /* ListDetailViewController.h */ = {isa = PBXFileReference; fileEncoding = 4; lastKnownFileType = sourcecode.c.h; path = ListDetailViewController.h; sourceTree = "<group>"; };
		7237F5F11B2202B500F1DFD9 /* DataModel.h */ = {isa = PBXFileReference; fileEncoding = 4; lastKnownFileType = sourcecode.c.h; path = DataModel.h; sourceTree = "<group>"; };
		7237F5F21B2202B500F1DFD9 /* DataModel.m */ = {isa = PBXFileReference; fileEncoding = 4; lastKnownFileType = sourcecode.c.objc; path = DataModel.m; sourceTree = "<group>"; };
		723E8EA21BAAADF2004D4E8C /* AddProcessView.h */ = {isa = PBXFileReference; fileEncoding = 4; lastKnownFileType = sourcecode.c.h; name = AddProcessView.h; path = FirstDetailPage/AddProcessView.h; sourceTree = "<group>"; };
		723E8EA51BAAB876004D4E8C /* ListDetailViewController.m */ = {isa = PBXFileReference; fileEncoding = 4; lastKnownFileType = sourcecode.c.objc; path = ListDetailViewController.m; sourceTree = "<group>"; };
		72913AF91BAE8E2500F99325 /* ProcessCell.h */ = {isa = PBXFileReference; fileEncoding = 4; lastKnownFileType = sourcecode.c.h; name = ProcessCell.h; path = FirstDetailPage/Cell/ProcessCell.h; sourceTree = "<group>"; };
		72913AFA1BAE8E2500F99325 /* ProcessCell.m */ = {isa = PBXFileReference; fileEncoding = 4; lastKnownFileType = sourcecode.c.objc; name = ProcessCell.m; path = FirstDetailPage/Cell/ProcessCell.m; sourceTree = "<group>"; };
		72913AFC1BAED6C700F99325 /* DateAndProcess.h */ = {isa = PBXFileReference; fileEncoding = 4; lastKnownFileType = sourcecode.c.h; path = DateAndProcess.h; sourceTree = "<group>"; };
		72913AFD1BAED6C700F99325 /* DateAndProcess.m */ = {isa = PBXFileReference; fileEncoding = 4; lastKnownFileType = sourcecode.c.objc; path = DateAndProcess.m; sourceTree = "<group>"; };
		72C884061BC284F00046DA81 /* CountdownView.h */ = {isa = PBXFileReference; fileEncoding = 4; lastKnownFileType = sourcecode.c.h; name = CountdownView.h; path = SecondPage/CountdownView.h; sourceTree = "<group>"; };
		72C884071BC284F00046DA81 /* CountdownView.m */ = {isa = PBXFileReference; fileEncoding = 4; lastKnownFileType = sourcecode.c.objc; name = CountdownView.m; path = SecondPage/CountdownView.m; sourceTree = "<group>"; };
		72FC18931B37A81600920109 /* IntroPageViewController.h */ = {isa = PBXFileReference; fileEncoding = 4; lastKnownFileType = sourcecode.c.h; path = IntroPageViewController.h; sourceTree = "<group>"; };
		72FC18941B37A81600920109 /* IntroPageViewController.m */ = {isa = PBXFileReference; fileEncoding = 4; lastKnownFileType = sourcecode.c.objc; path = IntroPageViewController.m; sourceTree = "<group>"; };
		9B0551CB1BEB0A2700E09969 /* ColorSelectCell.h */ = {isa = PBXFileReference; fileEncoding = 4; lastKnownFileType = sourcecode.c.h; name = ColorSelectCell.h; path = FirstDetailPage/Cell/ColorSelectCell.h; sourceTree = "<group>"; };
		9B0551CC1BEB0A2700E09969 /* ColorSelectCell.m */ = {isa = PBXFileReference; fileEncoding = 4; lastKnownFileType = sourcecode.c.objc; name = ColorSelectCell.m; path = FirstDetailPage/Cell/ColorSelectCell.m; sourceTree = "<group>"; };
		9B11E9711C2018610095FD28 /* Base */ = {isa = PBXFileReference; lastKnownFileType = text.plist.strings; name = Base; path = Base.lproj/Localizable.strings; sourceTree = "<group>"; };
		9B11E9731C20188B0095FD28 /* en */ = {isa = PBXFileReference; lastKnownFileType = text.plist.strings; name = en; path = en.lproj/Localizable.strings; sourceTree = "<group>"; };
		9B11E9741C2018AF0095FD28 /* zh-Hans */ = {isa = PBXFileReference; lastKnownFileType = text.plist.strings; name = "zh-Hans"; path = "zh-Hans.lproj/Localizable.strings"; sourceTree = "<group>"; };
		9B3AA6EE1BFC70D900B1B9A2 /* AllListsCompanyCell.h */ = {isa = PBXFileReference; fileEncoding = 4; lastKnownFileType = sourcecode.c.h; name = AllListsCompanyCell.h; path = FirstPage/AllListsCompanyCell.h; sourceTree = "<group>"; };
		9B3AA6EF1BFC70D900B1B9A2 /* AllListsCompanyCell.m */ = {isa = PBXFileReference; fileEncoding = 4; lastKnownFileType = sourcecode.c.objc; name = AllListsCompanyCell.m; path = FirstPage/AllListsCompanyCell.m; sourceTree = "<group>"; };
		9B957AD21BF4B4F10058C796 /* PureColorBackgroundView.h */ = {isa = PBXFileReference; fileEncoding = 4; lastKnownFileType = sourcecode.c.h; path = PureColorBackgroundView.h; sourceTree = "<group>"; };
		9B957AD31BF4B4F10058C796 /* PureColorBackgroundView.m */ = {isa = PBXFileReference; fileEncoding = 4; lastKnownFileType = sourcecode.c.objc; path = PureColorBackgroundView.m; sourceTree = "<group>"; };
		9B95D65C1C04802D002F66B3 /* DiffuseButton.h */ = {isa = PBXFileReference; fileEncoding = 4; lastKnownFileType = sourcecode.c.h; path = DiffuseButton.h; sourceTree = "<group>"; };
		9B95D65D1C04802D002F66B3 /* DiffuseButton.m */ = {isa = PBXFileReference; fileEncoding = 4; lastKnownFileType = sourcecode.c.objc; path = DiffuseButton.m; sourceTree = "<group>"; };
		9B95D69A1C0DB39A002F66B3 /* ShareViewController.h */ = {isa = PBXFileReference; fileEncoding = 4; lastKnownFileType = sourcecode.c.h; path = ShareViewController.h; sourceTree = "<group>"; };
		9B95D69B1C0DB39A002F66B3 /* ShareViewController.m */ = {isa = PBXFileReference; fileEncoding = 4; lastKnownFileType = sourcecode.c.objc; path = ShareViewController.m; sourceTree = "<group>"; };
		9BC35BC01BF1E2A200903192 /* PullDownProcessView.h */ = {isa = PBXFileReference; fileEncoding = 4; lastKnownFileType = sourcecode.c.h; name = PullDownProcessView.h; path = FirstPage/PullDownProcessView.h; sourceTree = "<group>"; };
		9BC35BC11BF1E2A300903192 /* PullDownProcessView.m */ = {isa = PBXFileReference; fileEncoding = 4; lastKnownFileType = sourcecode.c.objc; name = PullDownProcessView.m; path = FirstPage/PullDownProcessView.m; sourceTree = "<group>"; };
		9BCE0EDD1C10881A00F85461 /* TencentOpenAPI.framework */ = {isa = PBXFileReference; lastKnownFileType = wrapper.framework; path = TencentOpenAPI.framework; sourceTree = "<group>"; };
		9BCE0EDE1C10881A00F85461 /* TencentOpenApi_IOS_Bundle.bundle */ = {isa = PBXFileReference; lastKnownFileType = "wrapper.plug-in"; path = TencentOpenApi_IOS_Bundle.bundle; sourceTree = "<group>"; };
		9BCE0EEE1C10881A00F85461 /* libWeChatSDK.a */ = {isa = PBXFileReference; lastKnownFileType = archive.ar; path = libWeChatSDK.a; sourceTree = "<group>"; };
		9BCE0EEF1C10881A00F85461 /* read_me.txt */ = {isa = PBXFileReference; fileEncoding = 4; lastKnownFileType = text; path = read_me.txt; sourceTree = "<group>"; };
		9BCE0EF01C10881A00F85461 /* WechatAuthSDK.h */ = {isa = PBXFileReference; fileEncoding = 4; lastKnownFileType = sourcecode.c.h; path = WechatAuthSDK.h; sourceTree = "<group>"; };
		9BCE0EF11C10881A00F85461 /* WXApi.h */ = {isa = PBXFileReference; fileEncoding = 4; lastKnownFileType = sourcecode.c.h; path = WXApi.h; sourceTree = "<group>"; };
		9BCE0EF21C10881A00F85461 /* WXApiObject.h */ = {isa = PBXFileReference; fileEncoding = 4; lastKnownFileType = sourcecode.c.h; path = WXApiObject.h; sourceTree = "<group>"; };
		9BCE0EF31C10881A00F85461 /* MOBFoundation.framework */ = {isa = PBXFileReference; lastKnownFileType = wrapper.framework; path = MOBFoundation.framework; sourceTree = "<group>"; };
		9BCE0EF41C10881A00F85461 /* ShareSDK.bundle */ = {isa = PBXFileReference; lastKnownFileType = "wrapper.plug-in"; path = ShareSDK.bundle; sourceTree = "<group>"; };
		9BCE0EF51C10881A00F85461 /* ShareSDK.framework */ = {isa = PBXFileReference; lastKnownFileType = wrapper.framework; path = ShareSDK.framework; sourceTree = "<group>"; };
		9BCE0EF61C10881A00F85461 /* ShareSDKConnector.framework */ = {isa = PBXFileReference; lastKnownFileType = wrapper.framework; path = ShareSDKConnector.framework; sourceTree = "<group>"; };
		9BCE0EF71C10881A00F85461 /* ShareSDKExtension.framework */ = {isa = PBXFileReference; lastKnownFileType = wrapper.framework; path = ShareSDKExtension.framework; sourceTree = "<group>"; };
		9BCE0EF81C10881A00F85461 /* ShareSDKUI.bundle */ = {isa = PBXFileReference; lastKnownFileType = "wrapper.plug-in"; path = ShareSDKUI.bundle; sourceTree = "<group>"; };
		9BCE0EF91C10881A00F85461 /* ShareSDKUI.framework */ = {isa = PBXFileReference; lastKnownFileType = wrapper.framework; path = ShareSDKUI.framework; sourceTree = "<group>"; };
		9BCE0F071C10894500F85461 /* libicucore.tbd */ = {isa = PBXFileReference; lastKnownFileType = "sourcecode.text-based-dylib-definition"; name = libicucore.tbd; path = usr/lib/libicucore.tbd; sourceTree = SDKROOT; };
		9BCE0F091C10895900F85461 /* libz.tbd */ = {isa = PBXFileReference; lastKnownFileType = "sourcecode.text-based-dylib-definition"; name = libz.tbd; path = usr/lib/libz.tbd; sourceTree = SDKROOT; };
		9BCE0F0B1C10896E00F85461 /* libstdc++.tbd */ = {isa = PBXFileReference; lastKnownFileType = "sourcecode.text-based-dylib-definition"; name = "libstdc++.tbd"; path = "usr/lib/libstdc++.tbd"; sourceTree = SDKROOT; };
		9BCE0F0D1C10897A00F85461 /* JavaScriptCore.framework */ = {isa = PBXFileReference; lastKnownFileType = wrapper.framework; name = JavaScriptCore.framework; path = System/Library/Frameworks/JavaScriptCore.framework; sourceTree = SDKROOT; };
		9BCE0F0F1C1089AB00F85461 /* libsqlite3.tbd */ = {isa = PBXFileReference; lastKnownFileType = "sourcecode.text-based-dylib-definition"; name = libsqlite3.tbd; path = usr/lib/libsqlite3.tbd; sourceTree = SDKROOT; };
		9BCE0F111C108A5C00F85461 /* ImageIO.framework */ = {isa = PBXFileReference; lastKnownFileType = wrapper.framework; name = ImageIO.framework; path = System/Library/Frameworks/ImageIO.framework; sourceTree = SDKROOT; };
		9BCE0F131C108A6400F85461 /* AdSupport.framework */ = {isa = PBXFileReference; lastKnownFileType = wrapper.framework; name = AdSupport.framework; path = System/Library/Frameworks/AdSupport.framework; sourceTree = SDKROOT; };
		9BE99EF41BEB4FDC00345F46 /* ColorSelectViewController.h */ = {isa = PBXFileReference; fileEncoding = 4; lastKnownFileType = sourcecode.c.h; path = ColorSelectViewController.h; sourceTree = "<group>"; };
		9BE99EF51BEB4FDC00345F46 /* ColorSelectViewController.m */ = {isa = PBXFileReference; fileEncoding = 4; lastKnownFileType = sourcecode.c.objc; path = ColorSelectViewController.m; sourceTree = "<group>"; };
		AA73FFA339DDA9BF0142DD25 /* Pods-Jobs.release.xcconfig */ = {isa = PBXFileReference; includeInIndex = 1; lastKnownFileType = text.xcconfig; name = "Pods-Jobs.release.xcconfig"; path = "Pods/Target Support Files/Pods-Jobs/Pods-Jobs.release.xcconfig"; sourceTree = "<group>"; };
/* End PBXFileReference section */

/* Begin PBXFrameworksBuildPhase section */
		7237F5B41B1EE68F00F1DFD9 /* Frameworks */ = {
			isa = PBXFrameworksBuildPhase;
			buildActionMask = 2147483647;
			files = (
				9BCE0F141C108A6400F85461 /* AdSupport.framework in Frameworks */,
				9BCE0F121C108A5C00F85461 /* ImageIO.framework in Frameworks */,
				9BCE0F101C1089AB00F85461 /* libsqlite3.tbd in Frameworks */,
				9BCE0F0E1C10897A00F85461 /* JavaScriptCore.framework in Frameworks */,
				9BCE0F0C1C10896E00F85461 /* libstdc++.tbd in Frameworks */,
				9BCE0F0A1C10895900F85461 /* libz.tbd in Frameworks */,
				9BCE0F081C10894500F85461 /* libicucore.tbd in Frameworks */,
				5A3713ED7A0A4BC8A1EAC421 /* libPods-Jobs.a in Frameworks */,
				9BCE0F061C10881B00F85461 /* ShareSDKUI.framework in Frameworks */,
				9BCE0F041C10881B00F85461 /* ShareSDKExtension.framework in Frameworks */,
				9BCE0F001C10881B00F85461 /* MOBFoundation.framework in Frameworks */,
				9BCE0F031C10881B00F85461 /* ShareSDKConnector.framework in Frameworks */,
				9BCE0F021C10881B00F85461 /* ShareSDK.framework in Frameworks */,
				9BCE0EFE1C10881A00F85461 /* libWeChatSDK.a in Frameworks */,
				9BCE0EFA1C10881A00F85461 /* TencentOpenAPI.framework in Frameworks */,
			);
			runOnlyForDeploymentPostprocessing = 0;
		};
		7237F5CD1B1EE68F00F1DFD9 /* Frameworks */ = {
			isa = PBXFrameworksBuildPhase;
			buildActionMask = 2147483647;
			files = (
			);
			runOnlyForDeploymentPostprocessing = 0;
		};
/* End PBXFrameworksBuildPhase section */

/* Begin PBXGroup section */
		720DC2FD1BB2D23500B82B99 /* UIColorCategory */ = {
			isa = PBXGroup;
			children = (
				720DC2FE1BB2D23500B82B99 /* UIColor+WHColor.h */,
				720DC2FF1BB2D23500B82B99 /* UIColor+WHColor.m */,
			);
			path = UIColorCategory;
			sourceTree = "<group>";
		};
		721243AB1BAE824D0046B060 /* NavigationController */ = {
			isa = PBXGroup;
			children = (
				721243A81BAE82450046B060 /* ShadowNavController.h */,
				721243A91BAE82450046B060 /* ShadowNavController.m */,
			);
			name = NavigationController;
			sourceTree = "<group>";
		};
		721243AF1BAE8BAB0046B060 /* FirstDetailPage */ = {
			isa = PBXGroup;
			children = (
				723E8EA21BAAADF2004D4E8C /* AddProcessView.h */,
				721243B51BAE8D8D0046B060 /* AddProcessView.m */,
				721243B11BAE8C0B0046B060 /* Cell */,
			);
			name = FirstDetailPage;
			sourceTree = "<group>";
		};
		721243B01BAE8BDB0046B060 /* AllPageCellBackground */ = {
			isa = PBXGroup;
			children = (
				721C419B1B25812F00947326 /* CellbackgroundVIew.h */,
				721C419C1B25812F00947326 /* CellbackgroundVIew.m */,
			);
			name = AllPageCellBackground;
			sourceTree = "<group>";
		};
		721243B11BAE8C0B0046B060 /* Cell */ = {
			isa = PBXGroup;
			children = (
				721243B21BAE8CC60046B060 /* AddButtonCell.h */,
				721243B31BAE8CC60046B060 /* AddButtonCell.m */,
				722DED091BAE422A00FCA061 /* LabelAndTextFieldCell.h */,
				722DED0A1BAE422A00FCA061 /* LabelAndTextFieldCell.m */,
				72913AF91BAE8E2500F99325 /* ProcessCell.h */,
				72913AFA1BAE8E2500F99325 /* ProcessCell.m */,
				9B0551CB1BEB0A2700E09969 /* ColorSelectCell.h */,
				9B0551CC1BEB0A2700E09969 /* ColorSelectCell.m */,
			);
			name = Cell;
			sourceTree = "<group>";
		};
		722BB0FC1BB245A8005372A4 /* SecondPage */ = {
			isa = PBXGroup;
			children = (
				722BB0FD1BB24639005372A4 /* ProcessView.h */,
				722BB0FE1BB24639005372A4 /* ProcessView.m */,
				72C884061BC284F00046DA81 /* CountdownView.h */,
				72C884071BC284F00046DA81 /* CountdownView.m */,
			);
			name = SecondPage;
			sourceTree = "<group>";
		};
		7237F5AE1B1EE68F00F1DFD9 = {
			isa = PBXGroup;
			children = (
				7237F5B91B1EE68F00F1DFD9 /* Jobs */,
				7237F5D31B1EE68F00F1DFD9 /* JobsTests */,
				7237F5B81B1EE68F00F1DFD9 /* Products */,
				D88B71960B506843A7E0214A /* Pods */,
				D779B1AC0DE4FF04D4C6710C /* Frameworks */,
			);
			sourceTree = "<group>";
		};
		7237F5B81B1EE68F00F1DFD9 /* Products */ = {
			isa = PBXGroup;
			children = (
				7237F5B71B1EE68F00F1DFD9 /* Jobs.app */,
				7237F5D01B1EE68F00F1DFD9 /* JobsTests.xctest */,
			);
			name = Products;
			sourceTree = "<group>";
		};
		7237F5B91B1EE68F00F1DFD9 /* Jobs */ = {
			isa = PBXGroup;
			children = (
				9BCE0EDA1C10881A00F85461 /* libraries */,
				7237F5BE1B1EE68F00F1DFD9 /* AppDelegate.h */,
				7237F5BF1B1EE68F00F1DFD9 /* AppDelegate.m */,
				7237F5C41B1EE68F00F1DFD9 /* Main.storyboard */,
				7237F5ED1B20AE7E00F1DFD9 /* Controller */,
				723E8E9E1BAAACAE004D4E8C /* View */,
				7237F5EC1B20AE5000F1DFD9 /* Model */,
				7237F5C71B1EE68F00F1DFD9 /* Images.xcassets */,
				7237F5C91B1EE68F00F1DFD9 /* LaunchScreen.xib */,
				7237F5BA1B1EE68F00F1DFD9 /* Supporting Files */,
			);
			path = Jobs;
			sourceTree = "<group>";
		};
		7237F5BA1B1EE68F00F1DFD9 /* Supporting Files */ = {
			isa = PBXGroup;
			children = (
				7237F5BB1B1EE68F00F1DFD9 /* Info.plist */,
				7237F5BC1B1EE68F00F1DFD9 /* main.m */,
				9B11E9721C2018610095FD28 /* Localizable.strings */,
			);
			name = "Supporting Files";
			sourceTree = "<group>";
		};
		7237F5D31B1EE68F00F1DFD9 /* JobsTests */ = {
			isa = PBXGroup;
			children = (
				7237F5D61B1EE68F00F1DFD9 /* JobsTests.m */,
				7237F5D41B1EE68F00F1DFD9 /* Supporting Files */,
			);
			path = JobsTests;
			sourceTree = "<group>";
		};
		7237F5D41B1EE68F00F1DFD9 /* Supporting Files */ = {
			isa = PBXGroup;
			children = (
				7237F5D51B1EE68F00F1DFD9 /* Info.plist */,
			);
			name = "Supporting Files";
			sourceTree = "<group>";
		};
		7237F5EC1B20AE5000F1DFD9 /* Model */ = {
			isa = PBXGroup;
			children = (
				72913AFC1BAED6C700F99325 /* DateAndProcess.h */,
				72913AFD1BAED6C700F99325 /* DateAndProcess.m */,
				7237F5E01B1F389F00F1DFD9 /* JobsItem.h */,
				7237F5E11B1F389F00F1DFD9 /* JobsItem.m */,
				7237F5E91B20AE1A00F1DFD9 /* JobList.h */,
				7237F5EA1B20AE1A00F1DFD9 /* JobList.m */,
				7237F5F11B2202B500F1DFD9 /* DataModel.h */,
				7237F5F21B2202B500F1DFD9 /* DataModel.m */,
			);
			path = Model;
			sourceTree = "<group>";
		};
		7237F5ED1B20AE7E00F1DFD9 /* Controller */ = {
			isa = PBXGroup;
			children = (
				721243AB1BAE824D0046B060 /* NavigationController */,
				723E8E9D1BAA9EEF004D4E8C /* IntroPage */,
				723E8E9B1BAA9E8A004D4E8C /* FirstPageWithCompany */,
				723E8E9C1BAA9EC7004D4E8C /* SecondPageInCompany */,
				9B95D69A1C0DB39A002F66B3 /* ShareViewController.h */,
				9B95D69B1C0DB39A002F66B3 /* ShareViewController.m */,
			);
			path = Controller;
			sourceTree = "<group>";
		};
		723E8E9B1BAA9E8A004D4E8C /* FirstPageWithCompany */ = {
			isa = PBXGroup;
			children = (
				7237F5E61B20A57A00F1DFD9 /* AllListsViewController.h */,
				7237F5E71B20A57A00F1DFD9 /* AllListsViewController.m */,
				7237F5EE1B212AF300F1DFD9 /* ListDetailViewController.h */,
				723E8EA51BAAB876004D4E8C /* ListDetailViewController.m */,
				9BE99EF41BEB4FDC00345F46 /* ColorSelectViewController.h */,
				9BE99EF51BEB4FDC00345F46 /* ColorSelectViewController.m */,
			);
			path = FirstPageWithCompany;
			sourceTree = "<group>";
		};
		723E8E9C1BAA9EC7004D4E8C /* SecondPageInCompany */ = {
			isa = PBXGroup;
			children = (
				7237F5C11B1EE68F00F1DFD9 /* ViewController.h */,
				7237F5C21B1EE68F00F1DFD9 /* ViewController.m */,
				7237F5E31B1FE92300F1DFD9 /* ItemDetailViewController.h */,
				7237F5E41B1FE92300F1DFD9 /* ItemDetailViewController.m */,
			);
			path = SecondPageInCompany;
			sourceTree = "<group>";
		};
		723E8E9D1BAA9EEF004D4E8C /* IntroPage */ = {
			isa = PBXGroup;
			children = (
				72FC18931B37A81600920109 /* IntroPageViewController.h */,
				72FC18941B37A81600920109 /* IntroPageViewController.m */,
			);
			path = IntroPage;
			sourceTree = "<group>";
		};
		723E8E9E1BAAACAE004D4E8C /* View */ = {
			isa = PBXGroup;
			children = (
				9BC35BC31BF1E2B900903192 /* FirstPage */,
				722BB0FC1BB245A8005372A4 /* SecondPage */,
				720DC2FD1BB2D23500B82B99 /* UIColorCategory */,
				721243B01BAE8BDB0046B060 /* AllPageCellBackground */,
				9B95D65C1C04802D002F66B3 /* DiffuseButton.h */,
				9B95D65D1C04802D002F66B3 /* DiffuseButton.m */,
			);
			path = View;
			sourceTree = "<group>";
		};
		9BC35BC31BF1E2B900903192 /* FirstPage */ = {
			isa = PBXGroup;
			children = (
				9B3AA6EE1BFC70D900B1B9A2 /* AllListsCompanyCell.h */,
				9B3AA6EF1BFC70D900B1B9A2 /* AllListsCompanyCell.m */,
				9BC35BC01BF1E2A200903192 /* PullDownProcessView.h */,
				9BC35BC11BF1E2A300903192 /* PullDownProcessView.m */,
				9B957AD21BF4B4F10058C796 /* PureColorBackgroundView.h */,
				9B957AD31BF4B4F10058C796 /* PureColorBackgroundView.m */,
				721243AF1BAE8BAB0046B060 /* FirstDetailPage */,
			);
			name = FirstPage;
			sourceTree = "<group>";
		};
		9BCE0EDA1C10881A00F85461 /* libraries */ = {
			isa = PBXGroup;
			children = (
				9BCE0EDB1C10881A00F85461 /* extends */,
				9BCE0EF31C10881A00F85461 /* MOBFoundation.framework */,
				9BCE0EF41C10881A00F85461 /* ShareSDK.bundle */,
				9BCE0EF51C10881A00F85461 /* ShareSDK.framework */,
				9BCE0EF61C10881A00F85461 /* ShareSDKConnector.framework */,
				9BCE0EF71C10881A00F85461 /* ShareSDKExtension.framework */,
				9BCE0EF81C10881A00F85461 /* ShareSDKUI.bundle */,
				9BCE0EF91C10881A00F85461 /* ShareSDKUI.framework */,
			);
			path = libraries;
			sourceTree = "<group>";
		};
		9BCE0EDB1C10881A00F85461 /* extends */ = {
			isa = PBXGroup;
			children = (
				9BCE0EDC1C10881A00F85461 /* QQSDK */,
				9BCE0EED1C10881A00F85461 /* WeChatSDK */,
			);
			path = extends;
			sourceTree = "<group>";
		};
		9BCE0EDC1C10881A00F85461 /* QQSDK */ = {
			isa = PBXGroup;
			children = (
				9BCE0EDD1C10881A00F85461 /* TencentOpenAPI.framework */,
				9BCE0EDE1C10881A00F85461 /* TencentOpenApi_IOS_Bundle.bundle */,
			);
			path = QQSDK;
			sourceTree = "<group>";
		};
		9BCE0EED1C10881A00F85461 /* WeChatSDK */ = {
			isa = PBXGroup;
			children = (
				9BCE0EEE1C10881A00F85461 /* libWeChatSDK.a */,
				9BCE0EEF1C10881A00F85461 /* read_me.txt */,
				9BCE0EF01C10881A00F85461 /* WechatAuthSDK.h */,
				9BCE0EF11C10881A00F85461 /* WXApi.h */,
				9BCE0EF21C10881A00F85461 /* WXApiObject.h */,
			);
			path = WeChatSDK;
			sourceTree = "<group>";
		};
		D779B1AC0DE4FF04D4C6710C /* Frameworks */ = {
			isa = PBXGroup;
			children = (
				9BCE0F131C108A6400F85461 /* AdSupport.framework */,
				9BCE0F111C108A5C00F85461 /* ImageIO.framework */,
				9BCE0F0F1C1089AB00F85461 /* libsqlite3.tbd */,
				9BCE0F0D1C10897A00F85461 /* JavaScriptCore.framework */,
				9BCE0F0B1C10896E00F85461 /* libstdc++.tbd */,
				9BCE0F091C10895900F85461 /* libz.tbd */,
				9BCE0F071C10894500F85461 /* libicucore.tbd */,
				62DFBA60A62131608C25EDAC /* libPods-Jobs.a */,
			);
			name = Frameworks;
			sourceTree = "<group>";
		};
		D88B71960B506843A7E0214A /* Pods */ = {
			isa = PBXGroup;
			children = (
				527D57D792D2DB49EF4329E9 /* Pods-Jobs.debug.xcconfig */,
				AA73FFA339DDA9BF0142DD25 /* Pods-Jobs.release.xcconfig */,
			);
			name = Pods;
			sourceTree = "<group>";
		};
/* End PBXGroup section */

/* Begin PBXNativeTarget section */
		7237F5B61B1EE68F00F1DFD9 /* Jobs */ = {
			isa = PBXNativeTarget;
			buildConfigurationList = 7237F5DA1B1EE68F00F1DFD9 /* Build configuration list for PBXNativeTarget "Jobs" */;
			buildPhases = (
				8F459059419E4A3BC75173D7 /* Check Pods Manifest.lock */,
				7237F5B31B1EE68F00F1DFD9 /* Sources */,
				7237F5B41B1EE68F00F1DFD9 /* Frameworks */,
				7237F5B51B1EE68F00F1DFD9 /* Resources */,
				AF092F57633D1B2BE0F39369 /* Copy Pods Resources */,
				0F329EF8A859CB68DDC1A031 /* Embed Pods Frameworks */,
			);
			buildRules = (
			);
			dependencies = (
			);
			name = Jobs;
			productName = Jobs;
			productReference = 7237F5B71B1EE68F00F1DFD9 /* Jobs.app */;
			productType = "com.apple.product-type.application";
		};
		7237F5CF1B1EE68F00F1DFD9 /* JobsTests */ = {
			isa = PBXNativeTarget;
			buildConfigurationList = 7237F5DD1B1EE68F00F1DFD9 /* Build configuration list for PBXNativeTarget "JobsTests" */;
			buildPhases = (
				7237F5CC1B1EE68F00F1DFD9 /* Sources */,
				7237F5CD1B1EE68F00F1DFD9 /* Frameworks */,
				7237F5CE1B1EE68F00F1DFD9 /* Resources */,
			);
			buildRules = (
			);
			dependencies = (
				7237F5D21B1EE68F00F1DFD9 /* PBXTargetDependency */,
			);
			name = JobsTests;
			productName = JobsTests;
			productReference = 7237F5D01B1EE68F00F1DFD9 /* JobsTests.xctest */;
			productType = "com.apple.product-type.bundle.unit-test";
		};
/* End PBXNativeTarget section */

/* Begin PBXProject section */
		7237F5AF1B1EE68F00F1DFD9 /* Project object */ = {
			isa = PBXProject;
			attributes = {
				LastUpgradeCheck = 0700;
				ORGANIZATIONNAME = "王振辉";
				TargetAttributes = {
					7237F5B61B1EE68F00F1DFD9 = {
						CreatedOnToolsVersion = 6.3.2;
						DevelopmentTeam = 546HJ5BCYA;
					};
					7237F5CF1B1EE68F00F1DFD9 = {
						CreatedOnToolsVersion = 6.3.2;
						DevelopmentTeam = 546HJ5BCYA;
						TestTargetID = 7237F5B61B1EE68F00F1DFD9;
					};
				};
			};
			buildConfigurationList = 7237F5B21B1EE68F00F1DFD9 /* Build configuration list for PBXProject "Jobs" */;
			compatibilityVersion = "Xcode 3.2";
			developmentRegion = English;
			hasScannedForEncodings = 0;
			knownRegions = (
				en,
				Base,
				"zh-Hans",
			);
			mainGroup = 7237F5AE1B1EE68F00F1DFD9;
			productRefGroup = 7237F5B81B1EE68F00F1DFD9 /* Products */;
			projectDirPath = "";
			projectRoot = "";
			targets = (
				7237F5B61B1EE68F00F1DFD9 /* Jobs */,
				7237F5CF1B1EE68F00F1DFD9 /* JobsTests */,
			);
		};
/* End PBXProject section */

/* Begin PBXResourcesBuildPhase section */
		7237F5B51B1EE68F00F1DFD9 /* Resources */ = {
			isa = PBXResourcesBuildPhase;
			buildActionMask = 2147483647;
			files = (
				9BCE0EFB1C10881A00F85461 /* TencentOpenApi_IOS_Bundle.bundle in Resources */,
				7237F5C61B1EE68F00F1DFD9 /* Main.storyboard in Resources */,
				9BCE0F011C10881B00F85461 /* ShareSDK.bundle in Resources */,
				9BCE0F051C10881B00F85461 /* ShareSDKUI.bundle in Resources */,
				7237F5CB1B1EE68F00F1DFD9 /* LaunchScreen.xib in Resources */,
				9B11E9701C2018610095FD28 /* Localizable.strings in Resources */,
				9BCE0EFF1C10881B00F85461 /* read_me.txt in Resources */,
				7237F5C81B1EE68F00F1DFD9 /* Images.xcassets in Resources */,
			);
			runOnlyForDeploymentPostprocessing = 0;
		};
		7237F5CE1B1EE68F00F1DFD9 /* Resources */ = {
			isa = PBXResourcesBuildPhase;
			buildActionMask = 2147483647;
			files = (
			);
			runOnlyForDeploymentPostprocessing = 0;
		};
/* End PBXResourcesBuildPhase section */

/* Begin PBXShellScriptBuildPhase section */
		0F329EF8A859CB68DDC1A031 /* Embed Pods Frameworks */ = {
			isa = PBXShellScriptBuildPhase;
			buildActionMask = 2147483647;
			files = (
			);
			inputPaths = (
			);
			name = "Embed Pods Frameworks";
			outputPaths = (
			);
			runOnlyForDeploymentPostprocessing = 0;
			shellPath = /bin/sh;
			shellScript = "\"${SRCROOT}/Pods/Target Support Files/Pods-Jobs/Pods-Jobs-frameworks.sh\"\n";
			showEnvVarsInLog = 0;
		};
		8F459059419E4A3BC75173D7 /* Check Pods Manifest.lock */ = {
			isa = PBXShellScriptBuildPhase;
			buildActionMask = 2147483647;
			files = (
			);
			inputPaths = (
			);
			name = "Check Pods Manifest.lock";
			outputPaths = (
			);
			runOnlyForDeploymentPostprocessing = 0;
			shellPath = /bin/sh;
			shellScript = "diff \"${PODS_ROOT}/../Podfile.lock\" \"${PODS_ROOT}/Manifest.lock\" > /dev/null\nif [[ $? != 0 ]] ; then\n    cat << EOM\nerror: The sandbox is not in sync with the Podfile.lock. Run 'pod install' or update your CocoaPods installation.\nEOM\n    exit 1\nfi\n";
			showEnvVarsInLog = 0;
		};
		AF092F57633D1B2BE0F39369 /* Copy Pods Resources */ = {
			isa = PBXShellScriptBuildPhase;
			buildActionMask = 2147483647;
			files = (
			);
			inputPaths = (
			);
			name = "Copy Pods Resources";
			outputPaths = (
			);
			runOnlyForDeploymentPostprocessing = 0;
			shellPath = /bin/sh;
			shellScript = "\"${SRCROOT}/Pods/Target Support Files/Pods-Jobs/Pods-Jobs-resources.sh\"\n";
			showEnvVarsInLog = 0;
		};
/* End PBXShellScriptBuildPhase section */

/* Begin PBXSourcesBuildPhase section */
		7237F5B31B1EE68F00F1DFD9 /* Sources */ = {
			isa = PBXSourcesBuildPhase;
			buildActionMask = 2147483647;
			files = (
				721243B41BAE8CC60046B060 /* AddButtonCell.m in Sources */,
				9BC35BC21BF1E2A300903192 /* PullDownProcessView.m in Sources */,
				9B957AD41BF4B4F10058C796 /* PureColorBackgroundView.m in Sources */,
				7237F5EB1B20AE1A00F1DFD9 /* JobList.m in Sources */,
				722BB0FF1BB24639005372A4 /* ProcessView.m in Sources */,
				721243AA1BAE82450046B060 /* ShadowNavController.m in Sources */,
				7237F5C31B1EE68F00F1DFD9 /* ViewController.m in Sources */,
				721243B61BAE8D8E0046B060 /* AddProcessView.m in Sources */,
				72C884081BC284F00046DA81 /* CountdownView.m in Sources */,
				7237F5F31B2202B500F1DFD9 /* DataModel.m in Sources */,
				9B95D65E1C04802D002F66B3 /* DiffuseButton.m in Sources */,
				720DC3001BB2D23500B82B99 /* UIColor+WHColor.m in Sources */,
				7237F5C01B1EE68F00F1DFD9 /* AppDelegate.m in Sources */,
				72913AFB1BAE8E2500F99325 /* ProcessCell.m in Sources */,
				9B3AA6F01BFC70D900B1B9A2 /* AllListsCompanyCell.m in Sources */,
				7237F5E81B20A57A00F1DFD9 /* AllListsViewController.m in Sources */,
				9BE99EF61BEB4FDC00345F46 /* ColorSelectViewController.m in Sources */,
				721C419D1B25812F00947326 /* CellbackgroundVIew.m in Sources */,
				72913AFE1BAED6C700F99325 /* DateAndProcess.m in Sources */,
				9B0551CD1BEB0A2700E09969 /* ColorSelectCell.m in Sources */,
				722DED0B1BAE422A00FCA061 /* LabelAndTextFieldCell.m in Sources */,
				72FC18951B37A81600920109 /* IntroPageViewController.m in Sources */,
				723E8EA61BAAB876004D4E8C /* ListDetailViewController.m in Sources */,
				7237F5E21B1F389F00F1DFD9 /* JobsItem.m in Sources */,
				7237F5BD1B1EE68F00F1DFD9 /* main.m in Sources */,
				9B95D69C1C0DB39A002F66B3 /* ShareViewController.m in Sources */,
				7237F5E51B1FE92300F1DFD9 /* ItemDetailViewController.m in Sources */,
			);
			runOnlyForDeploymentPostprocessing = 0;
		};
		7237F5CC1B1EE68F00F1DFD9 /* Sources */ = {
			isa = PBXSourcesBuildPhase;
			buildActionMask = 2147483647;
			files = (
				7237F5D71B1EE68F00F1DFD9 /* JobsTests.m in Sources */,
			);
			runOnlyForDeploymentPostprocessing = 0;
		};
/* End PBXSourcesBuildPhase section */

/* Begin PBXTargetDependency section */
		7237F5D21B1EE68F00F1DFD9 /* PBXTargetDependency */ = {
			isa = PBXTargetDependency;
			target = 7237F5B61B1EE68F00F1DFD9 /* Jobs */;
			targetProxy = 7237F5D11B1EE68F00F1DFD9 /* PBXContainerItemProxy */;
		};
/* End PBXTargetDependency section */

/* Begin PBXVariantGroup section */
		7237F5C41B1EE68F00F1DFD9 /* Main.storyboard */ = {
			isa = PBXVariantGroup;
			children = (
				7237F5C51B1EE68F00F1DFD9 /* Base */,
			);
			name = Main.storyboard;
			sourceTree = "<group>";
		};
		7237F5C91B1EE68F00F1DFD9 /* LaunchScreen.xib */ = {
			isa = PBXVariantGroup;
			children = (
				7237F5CA1B1EE68F00F1DFD9 /* Base */,
			);
			name = LaunchScreen.xib;
			sourceTree = "<group>";
		};
		9B11E9721C2018610095FD28 /* Localizable.strings */ = {
			isa = PBXVariantGroup;
			children = (
				9B11E9711C2018610095FD28 /* Base */,
				9B11E9731C20188B0095FD28 /* en */,
				9B11E9741C2018AF0095FD28 /* zh-Hans */,
			);
			name = Localizable.strings;
			sourceTree = "<group>";
		};
/* End PBXVariantGroup section */

/* Begin XCBuildConfiguration section */
		7237F5D81B1EE68F00F1DFD9 /* Debug */ = {
			isa = XCBuildConfiguration;
			buildSettings = {
				ALWAYS_SEARCH_USER_PATHS = NO;
				CLANG_CXX_LANGUAGE_STANDARD = "gnu++0x";
				CLANG_CXX_LIBRARY = "libc++";
				CLANG_ENABLE_MODULES = YES;
				CLANG_ENABLE_OBJC_ARC = YES;
				CLANG_WARN_BOOL_CONVERSION = YES;
				CLANG_WARN_CONSTANT_CONVERSION = YES;
				CLANG_WARN_DIRECT_OBJC_ISA_USAGE = YES_ERROR;
				CLANG_WARN_EMPTY_BODY = YES;
				CLANG_WARN_ENUM_CONVERSION = YES;
				CLANG_WARN_INT_CONVERSION = YES;
				CLANG_WARN_OBJC_ROOT_CLASS = YES_ERROR;
				CLANG_WARN_UNREACHABLE_CODE = YES;
				CLANG_WARN__DUPLICATE_METHOD_MATCH = YES;
				CODE_SIGN_IDENTITY = "iPhone Distribution: ZhenHui Wang (546HJ5BCYA)";
				"CODE_SIGN_IDENTITY[sdk=iphoneos*]" = "iPhone Distribution: ZhenHui Wang (546HJ5BCYA)";
				COPY_PHASE_STRIP = NO;
				DEBUG_INFORMATION_FORMAT = "dwarf-with-dsym";
				ENABLE_STRICT_OBJC_MSGSEND = YES;
				ENABLE_TESTABILITY = YES;
				GCC_C_LANGUAGE_STANDARD = gnu99;
				GCC_DYNAMIC_NO_PIC = NO;
				GCC_NO_COMMON_BLOCKS = YES;
				GCC_OPTIMIZATION_LEVEL = 0;
				GCC_PREPROCESSOR_DEFINITIONS = (
					"DEBUG=1",
					"$(inherited)",
				);
				GCC_SYMBOLS_PRIVATE_EXTERN = NO;
				GCC_WARN_64_TO_32_BIT_CONVERSION = YES;
				GCC_WARN_ABOUT_RETURN_TYPE = YES_ERROR;
				GCC_WARN_UNDECLARED_SELECTOR = YES;
				GCC_WARN_UNINITIALIZED_AUTOS = YES_AGGRESSIVE;
				GCC_WARN_UNUSED_FUNCTION = YES;
				GCC_WARN_UNUSED_VARIABLE = YES;
				IPHONEOS_DEPLOYMENT_TARGET = 8.0;
				MTL_ENABLE_DEBUG_INFO = YES;
				ONLY_ACTIVE_ARCH = YES;
				PROVISIONING_PROFILE = "926d4a86-efd5-45d0-b749-01760effe171";
				SDKROOT = iphoneos;
			};
			name = Debug;
		};
		7237F5D91B1EE68F00F1DFD9 /* Release */ = {
			isa = XCBuildConfiguration;
			buildSettings = {
				ALWAYS_SEARCH_USER_PATHS = NO;
				CLANG_CXX_LANGUAGE_STANDARD = "gnu++0x";
				CLANG_CXX_LIBRARY = "libc++";
				CLANG_ENABLE_MODULES = YES;
				CLANG_ENABLE_OBJC_ARC = YES;
				CLANG_WARN_BOOL_CONVERSION = YES;
				CLANG_WARN_CONSTANT_CONVERSION = YES;
				CLANG_WARN_DIRECT_OBJC_ISA_USAGE = YES_ERROR;
				CLANG_WARN_EMPTY_BODY = YES;
				CLANG_WARN_ENUM_CONVERSION = YES;
				CLANG_WARN_INT_CONVERSION = YES;
				CLANG_WARN_OBJC_ROOT_CLASS = YES_ERROR;
				CLANG_WARN_UNREACHABLE_CODE = YES;
				CLANG_WARN__DUPLICATE_METHOD_MATCH = YES;
				CODE_SIGN_IDENTITY = "iPhone Distribution: ZhenHui Wang (546HJ5BCYA)";
				"CODE_SIGN_IDENTITY[sdk=iphoneos*]" = "iPhone Distribution: ZhenHui Wang (546HJ5BCYA)";
				COPY_PHASE_STRIP = NO;
				DEBUG_INFORMATION_FORMAT = "dwarf-with-dsym";
				ENABLE_NS_ASSERTIONS = NO;
				ENABLE_STRICT_OBJC_MSGSEND = YES;
				GCC_C_LANGUAGE_STANDARD = gnu99;
				GCC_NO_COMMON_BLOCKS = YES;
				GCC_WARN_64_TO_32_BIT_CONVERSION = YES;
				GCC_WARN_ABOUT_RETURN_TYPE = YES_ERROR;
				GCC_WARN_UNDECLARED_SELECTOR = YES;
				GCC_WARN_UNINITIALIZED_AUTOS = YES_AGGRESSIVE;
				GCC_WARN_UNUSED_FUNCTION = YES;
				GCC_WARN_UNUSED_VARIABLE = YES;
				IPHONEOS_DEPLOYMENT_TARGET = 8.0;
				MTL_ENABLE_DEBUG_INFO = NO;
				PROVISIONING_PROFILE = "926d4a86-efd5-45d0-b749-01760effe171";
				SDKROOT = iphoneos;
				VALIDATE_PRODUCT = YES;
			};
			name = Release;
		};
		7237F5DB1B1EE68F00F1DFD9 /* Debug */ = {
			isa = XCBuildConfiguration;
			baseConfigurationReference = 527D57D792D2DB49EF4329E9 /* Pods-Jobs.debug.xcconfig */;
			buildSettings = {
				ASSETCATALOG_COMPILER_APPICON_NAME = AppIcon;
				ASSETCATALOG_COMPILER_LAUNCHIMAGE_NAME = LaunchImage;
				CODE_SIGN_IDENTITY = "iPhone Developer";
				"CODE_SIGN_IDENTITY[sdk=iphoneos*]" = "iPhone Developer";
				ENABLE_BITCODE = NO;
				FRAMEWORK_SEARCH_PATHS = (
					"$(inherited)",
					"$(PROJECT_DIR)/Jobs/libraries/extends/QQSDK",
					"$(PROJECT_DIR)/Jobs/libraries",
				);
				INFOPLIST_FILE = Jobs/Info.plist;
				IPHONEOS_DEPLOYMENT_TARGET = 8.0;
				LD_RUNPATH_SEARCH_PATHS = "$(inherited) @executable_path/Frameworks";
				LIBRARY_SEARCH_PATHS = (
					"$(inherited)",
					"$(PROJECT_DIR)/Jobs/libraries/extends/SinaWeiboSDK",
					"$(PROJECT_DIR)/Jobs/libraries/extends/WeChatSDK",
				);
				PRODUCT_BUNDLE_IDENTIFIER = wongkoo.Jobs;
				PRODUCT_NAME = "$(TARGET_NAME)";
				PROVISIONING_PROFILE = "";
				TARGETED_DEVICE_FAMILY = 1;
			};
			name = Debug;
		};
		7237F5DC1B1EE68F00F1DFD9 /* Release */ = {
			isa = XCBuildConfiguration;
			baseConfigurationReference = AA73FFA339DDA9BF0142DD25 /* Pods-Jobs.release.xcconfig */;
			buildSettings = {
				ASSETCATALOG_COMPILER_APPICON_NAME = AppIcon;
				ASSETCATALOG_COMPILER_LAUNCHIMAGE_NAME = LaunchImage;
				CODE_SIGN_IDENTITY = "iPhone Developer";
				"CODE_SIGN_IDENTITY[sdk=iphoneos*]" = "iPhone Developer";
				ENABLE_BITCODE = NO;
				FRAMEWORK_SEARCH_PATHS = (
					"$(inherited)",
					"$(PROJECT_DIR)/Jobs/libraries/extends/QQSDK",
					"$(PROJECT_DIR)/Jobs/libraries",
				);
				INFOPLIST_FILE = Jobs/Info.plist;
				IPHONEOS_DEPLOYMENT_TARGET = 8.0;
				LD_RUNPATH_SEARCH_PATHS = "$(inherited) @executable_path/Frameworks";
				LIBRARY_SEARCH_PATHS = (
					"$(inherited)",
					"$(PROJECT_DIR)/Jobs/libraries/extends/SinaWeiboSDK",
					"$(PROJECT_DIR)/Jobs/libraries/extends/WeChatSDK",
				);
				PRODUCT_BUNDLE_IDENTIFIER = wongkoo.Jobs;
				PRODUCT_NAME = "$(TARGET_NAME)";
				PROVISIONING_PROFILE = "";
				TARGETED_DEVICE_FAMILY = 1;
			};
			name = Release;
		};
		7237F5DE1B1EE68F00F1DFD9 /* Debug */ = {
			isa = XCBuildConfiguration;
			buildSettings = {
				BUNDLE_LOADER = "$(TEST_HOST)";
				CODE_SIGN_IDENTITY = "iPhone Distribution: ZhenHui Wang (546HJ5BCYA)";
				"CODE_SIGN_IDENTITY[sdk=iphoneos*]" = "iPhone Distribution: ZhenHui Wang (546HJ5BCYA)";
				FRAMEWORK_SEARCH_PATHS = "";
				GCC_PREPROCESSOR_DEFINITIONS = (
					"DEBUG=1",
					"$(inherited)",
				);
				INFOPLIST_FILE = JobsTests/Info.plist;
				LD_RUNPATH_SEARCH_PATHS = "$(inherited) @executable_path/Frameworks @loader_path/Frameworks";
				PRODUCT_BUNDLE_IDENTIFIER = wongkoo.Jobs;
				PRODUCT_NAME = "$(TARGET_NAME)";
				PROVISIONING_PROFILE = "926d4a86-efd5-45d0-b749-01760effe171";
				TEST_HOST = "$(BUILT_PRODUCTS_DIR)/Jobs.app/Jobs";
			};
			name = Debug;
		};
		7237F5DF1B1EE68F00F1DFD9 /* Release */ = {
			isa = XCBuildConfiguration;
			buildSettings = {
				BUNDLE_LOADER = "$(TEST_HOST)";
				CODE_SIGN_IDENTITY = "iPhone Distribution: ZhenHui Wang (546HJ5BCYA)";
				"CODE_SIGN_IDENTITY[sdk=iphoneos*]" = "iPhone Distribution: ZhenHui Wang (546HJ5BCYA)";
				FRAMEWORK_SEARCH_PATHS = "";
				INFOPLIST_FILE = JobsTests/Info.plist;
				LD_RUNPATH_SEARCH_PATHS = "$(inherited) @executable_path/Frameworks @loader_path/Frameworks";
				PRODUCT_BUNDLE_IDENTIFIER = wongkoo.Jobs;
				PRODUCT_NAME = "$(TARGET_NAME)";
				PROVISIONING_PROFILE = "926d4a86-efd5-45d0-b749-01760effe171";
				TEST_HOST = "$(BUILT_PRODUCTS_DIR)/Jobs.app/Jobs";
			};
			name = Release;
		};
/* End XCBuildConfiguration section */

/* Begin XCConfigurationList section */
		7237F5B21B1EE68F00F1DFD9 /* Build configuration list for PBXProject "Jobs" */ = {
			isa = XCConfigurationList;
			buildConfigurations = (
				7237F5D81B1EE68F00F1DFD9 /* Debug */,
				7237F5D91B1EE68F00F1DFD9 /* Release */,
			);
			defaultConfigurationIsVisible = 0;
			defaultConfigurationName = Release;
		};
		7237F5DA1B1EE68F00F1DFD9 /* Build configuration list for PBXNativeTarget "Jobs" */ = {
			isa = XCConfigurationList;
			buildConfigurations = (
				7237F5DB1B1EE68F00F1DFD9 /* Debug */,
				7237F5DC1B1EE68F00F1DFD9 /* Release */,
			);
			defaultConfigurationIsVisible = 0;
			defaultConfigurationName = Release;
		};
		7237F5DD1B1EE68F00F1DFD9 /* Build configuration list for PBXNativeTarget "JobsTests" */ = {
			isa = XCConfigurationList;
			buildConfigurations = (
				7237F5DE1B1EE68F00F1DFD9 /* Debug */,
				7237F5DF1B1EE68F00F1DFD9 /* Release */,
			);
			defaultConfigurationIsVisible = 0;
			defaultConfigurationName = Release;
		};
/* End XCConfigurationList section */
	};
	rootObject = 7237F5AF1B1EE68F00F1DFD9 /* Project object */;
}
